{
  "version": 1,
  "dependencies": {
    "net7.0": {
      "Microsoft.DotNet.ILCompiler": {
        "type": "Direct",
        "requested": "[6.0.0-*, )",
        "resolved": "6.0.0-rc.1.21420.1",
        "contentHash": "CReENmiqLhrlRvhZfPURO1Hxvf6EeutYgpFvOEBMv8ttIkwnakqXSzrjwQBsoMoQwZSzvoKOq0oCBQJiCbaxog=="
      },
      "System.CommandLine": {
        "type": "Direct",
        "requested": "[2.0.0-beta4.22272.1, )",
        "resolved": "2.0.0-beta4.22272.1",
        "contentHash": "1uqED/q2H0kKoLJ4+hI2iPSBSEdTuhfCYADeJrAqERmiGQ2NNacYKRNEQ+gFbU4glgVyK8rxI+ZOe1onEtr/Pg=="
      },
      "Microsoft.Extensions.FileSystemGlobbing": {
        "type": "Transitive",
        "resolved": "7.0.0",
        "contentHash": "2jONjKHiF+E92ynz2ZFcr9OvxIw+rTGMPEH+UZGeHTEComVav93jQUWGkso8yWwVBcEJGcNcZAaqY01FFJcj7w=="
      },
      "Spectre.Console": {
        "type": "Transitive",
        "resolved": "0.46.1-preview.0.18",
        "contentHash": "68zNWmwlxPxvSWuzuzEmkHGQt+TWIVIjrdo/fZhxLI8l0iB09wvjBPDgiKQ/HQOZbW9G1U/M0hWNOKVJFER2mA==",
        "dependencies": {
          "System.Memory": "4.5.5"
        }
      },
      "System.Memory": {
        "type": "Transitive",
        "resolved": "4.5.5",
        "contentHash": "XIWiDvKPXaTveaB7HVganDlOCRoj03l+jrwNvcge/t8vhGYKvqV+dMv6G4SAX2NoNmN0wZfVPTAlFwZcZvVOUw=="
      },
      "sc-tools": {
        "type": "Project",
        "dependencies": {
          "Microsoft.Extensions.FileSystemGlobbing": "[7.0.0, )",
          "ScTools.Core": "[1.0.0, )",
          "Spectre.Console": "[0.46.1-preview.0.18, )",
          "System.CommandLine": "[2.0.0-beta4.22272.1, )"
        }
      },
      "ScTools.Core": {
        "type": "Project"
      }
    },
    "net7.0/win-x64": {
      "Microsoft.DotNet.ILCompiler": {
        "type": "Direct",
        "requested": "[6.0.0-*, )",
        "resolved": "6.0.0-rc.1.21420.1",
        "contentHash": "CReENmiqLhrlRvhZfPURO1Hxvf6EeutYgpFvOEBMv8ttIkwnakqXSzrjwQBsoMoQwZSzvoKOq0oCBQJiCbaxog==",
        "dependencies": {
          "runtime.win-x64.Microsoft.DotNet.ILCompiler": "6.0.0-rc.1.21420.1"
        }
      },
      "runtime.win-x64.Microsoft.DotNet.ILCompiler": {
        "type": "Transitive",
        "resolved": "6.0.0-rc.1.21420.1",
        "contentHash": "6Rm6/Q9R18IVBkQ1/KuOoASxrTc92oiMoHme5yGgvkfeek084apM+7vnQ+w7u/hirfsEvWaBBo/2yW2bqxzBOA=="
      }
    }
  }
}